Microsoft Visual Studio Solution File, Format Version 11.00
# Visual Studio 2008

Project("{C7B3EB9E-5891-9FDC-9C27-61F4ACD40552}") = "pa1n", "Assembly-CSharp.csproj", "{51E9A0A8-28FD-611A-B29F-65892D77EB99}"
EndProject
Project("{C7B3EB9E-5891-9FDC-9C27-61F4ACD40552}") = "pa1n", "Assembly-CSharp-Editor.csproj", "{925AA813-4B16-FDF6-C259-0023C7BABF91}"
EndProject
Global
	GlobalSection(SolutionConfigurationPlatforms) = preSolution
		Debug|Any CPU = Debug|Any CPU
		Release|Any CPU = Release|Any CPU
	EndGlobalSection
	GlobalSection(ProjectConfigurationPlatforms) = postSolution
		{51E9A0A8-28FD-611A-B29F-65892D77EB99}.Debug|Any CPU.ActiveCfg = Debug|Any CPU
		{51E9A0A8-28FD-611A-B29F-65892D77EB99}.Debug|Any CPU.Build.0 = Debug|Any CPU
		{51E9A0A8-28FD-611A-B29F-65892D77EB99}.Release|Any CPU.ActiveCfg = Release|Any CPU
		{51E9A0A8-28FD-611A-B29F-65892D77EB99}.Release|Any CPU.Build.0 = Release|Any CPU
		{925AA813-4B16-FDF6-C259-0023C7BABF91}.Debug|Any CPU.ActiveCfg = Debug|Any CPU
		{925AA813-4B16-FDF6-C259-0023C7BABF91}.Debug|Any CPU.Build.0 = Debug|Any CPU
		{925AA813-4B16-FDF6-C259-0023C7BABF91}.Release|Any CPU.ActiveCfg = Release|Any CPU
		{925AA813-4B16-FDF6-C259-0023C7BABF91}.Release|Any CPU.Build.0 = Release|Any CPU
	EndGlobalSection
	GlobalSection(SolutionProperties) = preSolution
		HideSolutionNode = FALSE
	EndGlobalSection
	GlobalSection(MonoDevelopProperties) = preSolution
		StartupItem = Assembly-CSharp.csproj
	EndGlobalSection
EndGlobal
